// !$*UTF8*$!
{
	archiveVersion = 1;
	classes = {
	};
	objectVersion = 46;
	objects = {

/* Begin PBXBuildFile section */
		4FBD5B301A429FDA00139127 /* main.m in Sources */ = {isa = PBXBuildFile; fileRef = 4FBD5B2F1A429FDA00139127 /* main.m */; };
		4FBD5B331A429FDA00139127 /* AppDelegate.m in Sources */ = {isa = PBXBuildFile; fileRef = 4FBD5B321A429FDA00139127 /* AppDelegate.m */; };
		4FBD5B361A429FDA00139127 /* ViewController.m in Sources */ = {isa = PBXBuildFile; fileRef = 4FBD5B351A429FDA00139127 /* ViewController.m */; };
		4FBD5B391A429FDA00139127 /* Main.storyboard in Resources */ = {isa = PBXBuildFile; fileRef = 4FBD5B371A429FDA00139127 /* Main.storyboard */; };
		4FBD5B3B1A429FDA00139127 /* Images.xcassets in Resources */ = {isa = PBXBuildFile; fileRef = 4FBD5B3A1A429FDA00139127 /* Images.xcassets */; };
		4FBD5B3E1A429FDA00139127 /* LaunchScreen.xib in Resources */ = {isa = PBXBuildFile; fileRef = 4FBD5B3C1A429FDA00139127 /* LaunchScreen.xib */; };
		4FBD5B4A1A429FDA00139127 /* BudgetMeTests.m in Sources */ = {isa = PBXBuildFile; fileRef = 4FBD5B491A429FDA00139127 /* BudgetMeTests.m */; };
/* End PBXBuildFile section */

/* Begin PBXContainerItemProxy section */
		4FBD5B441A429FDA00139127 /* PBXContainerItemProxy */ = {
			isa = PBXContainerItemProxy;
			containerPortal = 4FBD5B221A429FDA00139127 /* Project object */;
			proxyType = 1;
			remoteGlobalIDString = 4FBD5B291A429FDA00139127;
			remoteInfo = BudgetMe;
		};
/* End PBXContainerItemProxy section */

/* Begin PBXFileReference section */
		4FBD5B2A1A429FDA00139127 /* BudgetMe.app */ = {isa = PBXFileReference; explicitFileType = wrapper.application; includeInIndex = 0; path = BudgetMe.app; sourceTree = BUILT_PRODUCTS_DIR; };
		4FBD5B2E1A429FDA00139127 /* Info.plist */ = {isa = PBXFileReference; lastKnownFileType = text.plist.xml; path = Info.plist; sourceTree = "<group>"; };
		4FBD5B2F1A429FDA00139127 /* main.m */ = {isa = PBXFileReference; lastKnownFileType = sourcecode.c.objc; path = main.m; sourceTree = "<group>"; };
		4FBD5B311A429FDA00139127 /* AppDelegate.h */ = {isa = PBXFileReference; lastKnownFileType = sourcecode.c.h; path = AppDelegate.h; sourceTree = "<group>"; };
		4FBD5B321A429FDA00139127 /* AppDelegate.m */ = {isa = PBXFileReference; lastKnownFileType = sourcecode.c.objc; path = AppDelegate.m; sourceTree = "<group>"; };
		4FBD5B341A429FDA00139127 /* ViewController.h */ = {isa = PBXFileReference; lastKnownFileType = sourcecode.c.h; path = ViewController.h; sourceTree = "<group>"; };
		4FBD5B351A429FDA00139127 /* ViewController.m */ = {isa = PBXFileReference; lastKnownFileType = sourcecode.c.objc; path = ViewController.m; sourceTree = "<group>"; };
		4FBD5B381A429FDA00139127 /* Base */ = {isa = PBXFileReference; lastKnownFileType = file.storyboard; name = Base; path = Base.lproj/Main.storyboard; sourceTree = "<group>"; };
		4FBD5B3A1A429FDA00139127 /* Images.xcassets */ = {isa = PBXFileReference; lastKnownFileType = folder.assetcatalog; path = Images.xcassets; sourceTree = "<group>"; };
		4FBD5B3D1A429FDA00139127 /* Base */ = {isa = PBXFileReference; lastKnownFileType = file.xib; name = Base; path = Base.lproj/LaunchScreen.xib; sourceTree = "<group>"; };
		4FBD5B431A429FDA00139127 /* BudgetMeTests.xctest */ = {isa = PBXFileReference; explicitFileType = wrapper.cfbundle; includeInIndex = 0; path = BudgetMeTests.xctest; sourceTree = BUILT_PRODUCTS_DIR; };
		4FBD5B481A429FDA00139127 /* Info.plist */ = {isa = PBXFileReference; lastKnownFileType = text.plist.xml; path = Info.plist; sourceTree = "<group>"; };
		4FBD5B491A429FDA00139127 /* BudgetMeTests.m */ = {isa = PBXFileReference; lastKnownFileType = sourcecode.c.objc; path = BudgetMeTests.m; sourceTree = "<group>"; };
/* End PBXFileReference section */

/* Begin PBXFrameworksBuildPhase section */
		4FBD5B271A429FDA00139127 /* Frameworks */ = {
			isa = PBXFrameworksBuildPhase;
			buildActionMask = 2147483647;
			files = (
			);
			runOnlyForDeploymentPostprocessing = 0;
		};
		4FBD5B401A429FDA00139127 /* Frameworks */ = {
			isa = PBXFrameworksBuildPhase;
			buildActionMask = 2147483647;
			files = (
			);
			runOnlyForDeploymentPostprocessing = 0;
		};
/* End PBXFrameworksBuildPhase section */

/* Begin PBXGroup section */
		4FBD5B211A429FDA00139127 = {
			isa = PBXGroup;
			children = (
				4FBD5B2C1A429FDA00139127 /* BudgetMe */,
				4FBD5B461A429FDA00139127 /* BudgetMeTests */,
				4FBD5B2B1A429FDA00139127 /* Products */,
			);
			sourceTree = "<group>";
		};
		4FBD5B2B1A429FDA00139127 /* Products */ = {
			isa = PBXGroup;
			children = (
				4FBD5B2A1A429FDA00139127 /* BudgetMe.app */,
				4FBD5B431A429FDA00139127 /* BudgetMeTests.xctest */,
			);
			name = Products;
			sourceTree = "<group>";
		};
		4FBD5B2C1A429FDA00139127 /* BudgetMe */ = {
			isa = PBXGroup;
			children = (
				4FBD5B311A429FDA00139127 /* AppDelegate.h */,
				4FBD5B321A429FDA00139127 /* AppDelegate.m */,
				4FBD5B341A429FDA00139127 /* ViewController.h */,
				4FBD5B351A429FDA00139127 /* ViewController.m */,
				4FBD5B371A429FDA00139127 /* Main.storyboard */,
				4FBD5B3A1A429FDA00139127 /* Images.xcassets */,
				4FBD5B3C1A429FDA00139127 /* LaunchScreen.xib */,
				4FBD5B2D1A429FDA00139127 /* Supporting Files */,
			);
			path = BudgetMe;
			sourceTree = "<group>";
		};
		4FBD5B2D1A429FDA00139127 /* Supporting Files */ = {
			isa = PBXGroup;
			children = (
				4FBD5B2E1A429FDA00139127 /* Info.plist */,
				4FBD5B2F1A429FDA00139127 /* main.m */,
			);
			name = "Supporting Files";
			sourceTree = "<group>";
		};
		4FBD5B461A429FDA00139127 /* BudgetMeTests */ = {
			isa = PBXGroup;
			children = (
				4FBD5B491A429FDA00139127 /* BudgetMeTests.m */,
				4FBD5B471A429FDA00139127 /* Supporting Files */,
			);
			path = BudgetMeTests;
			sourceTree = "<group>";
		};
		4FBD5B471A429FDA00139127 /* Supporting Files */ = {
			isa = PBXGroup;
			children = (
				4FBD5B481A429FDA00139127 /* Info.plist */,
			);
			name = "Supporting Files";
			sourceTree = "<group>";
		};
/* End PBXGroup section */

/* Begin PBXNativeTarget section */
		4FBD5B291A429FDA00139127 /* BudgetMe */ = {
			isa = PBXNativeTarget;
			buildConfigurationList = 4FBD5B4D1A429FDA00139127 /* Build configuration list for PBXNativeTarget "BudgetMe" */;
			buildPhases = (
				4FBD5B261A429FDA00139127 /* Sources */,
				4FBD5B271A429FDA00139127 /* Frameworks */,
				4FBD5B281A429FDA00139127 /* Resources */,
			);
			buildRules = (
			);
			dependencies = (
			);
			name = BudgetMe;
			productName = BudgetMe;
			productReference = 4FBD5B2A1A429FDA00139127 /* BudgetMe.app */;
			productType = "com.apple.product-type.application";
		};
		4FBD5B421A429FDA00139127 /* BudgetMeTests */ = {
			isa = PBXNativeTarget;
			buildConfigurationList = 4FBD5B501A429FDA00139127 /* Build configuration list for PBXNativeTarget "BudgetMeTests" */;
			buildPhases = (
				4FBD5B3F1A429FDA00139127 /* Sources */,
				4FBD5B401A429FDA00139127 /* Frameworks */,
				4FBD5B411A429FDA00139127 /* Resources */,
			);
			buildRules = (
			);
			dependencies = (
				4FBD5B451A429FDA00139127 /* PBXTargetDependency */,
			);
			name = BudgetMeTests;
			productName = BudgetMeTests;
			productReference = 4FBD5B431A429FDA00139127 /* BudgetMeTests.xctest */;
			productType = "com.apple.product-type.bundle.unit-test";
		};
/* End PBXNativeTarget section */

/* Begin PBXProject section */
		4FBD5B221A429FDA00139127 /* Project object */ = {
			isa = PBXProject;
			attributes = {
				LastUpgradeCheck = 0610;
				ORGANIZATIONNAME = "Kanika Varma";
				TargetAttributes = {
					4FBD5B291A429FDA00139127 = {
						CreatedOnToolsVersion = 6.1;
					};
					4FBD5B421A429FDA00139127 = {
						CreatedOnToolsVersion = 6.1;
						TestTargetID = 4FBD5B291A429FDA00139127;
					};
				};
			};
			buildConfigurationList = 4FBD5B251A429FDA00139127 /* Build configuration list for PBXProject "BudgetMe" */;
			compatibilityVersion = "Xcode 3.2";
			developmentRegion = English;
			hasScannedForEncodings = 0;
			knownRegions = (
				en,
				Base,
			);
			mainGroup = 4FBD5B211A429FDA00139127;
			productRefGroup = 4FBD5B2B1A429FDA00139127 /* Products */;
			projectDirPath = "";
			projectRoot = "";
			targets = (
				4FBD5B291A429FDA00139127 /* BudgetMe */,
				4FBD5B421A429FDA00139127 /* BudgetMeTests */,
			);
		};
/* End PBXProject section */

/* Begin PBXResourcesBuildPhase section */
		4FBD5B281A429FDA00139127 /* Resources */ = {
			isa = PBXResourcesBuildPhase;
			buildActionMask = 2147483647;
			files = (
				4FBD5B391A429FDA00139127 /* Main.storyboard in Resources */,
				4FBD5B3E1A429FDA00139127 /* LaunchScreen.xib in Resources */,
				4FBD5B3B1A429FDA00139127 /* Images.xcassets in Resources */,
			);
			runOnlyForDeploymentPostprocessing = 0;
		};
		4FBD5B411A429FDA00139127 /* Resources */ = {
			isa = PBXResourcesBuildPhase;
			buildActionMask = 2147483647;
			files = (
			);
			runOnlyForDeploymentPostprocessing = 0;
		};
/* End PBXResourcesBuildPhase section */

/* Begin PBXSourcesBuildPhase section */
		4FBD5B261A429FDA00139127 /* Sources */ = {
			isa = PBXSourcesBuildPhase;
			buildActionMask = 2147483647;
			files = (
				4FBD5B361A429FDA00139127 /* ViewController.m in Sources */,
				4FBD5B331A429FDA00139127 /* AppDelegate.m in Sources */,
				4FBD5B301A429FDA00139127 /* main.m in Sources */,
			);
			runOnlyForDeploymentPostprocessing = 0;
		};
		4FBD5B3F1A429FDA00139127 /* Sources */ = {
			isa = PBXSourcesBuildPhase;
			buildActionMask = 2147483647;
			files = (
				4FBD5B4A1A429FDA00139127 /* BudgetMeTests.m in Sources */,
			);
			runOnlyForDeploymentPostprocessing = 0;
		};
/* End PBXSourcesBuildPhase section */

/* Begin PBXTargetDependency section */
		4FBD5B451A429FDA00139127 /* PBXTargetDependency */ = {
			isa = PBXTargetDependency;
			target = 4FBD5B291A429FDA00139127 /* BudgetMe */;
			targetProxy = 4FBD5B441A429FDA00139127 /* PBXContainerItemProxy */;
		};
/* End PBXTargetDependency section */

/* Begin PBXVariantGroup section */
		4FBD5B371A429FDA00139127 /* Main.storyboard */ = {
			isa = PBXVariantGroup;
			children = (
				4FBD5B381A429FDA00139127 /* Base */,
			);
			name = Main.storyboard;
			sourceTree = "<group>";
		};
		4FBD5B3C1A429FDA00139127 /* LaunchScreen.xib */ = {
			isa = PBXVariantGroup;
			children = (
				4FBD5B3D1A429FDA00139127 /* Base */,
			);
			name = LaunchScreen.xib;
			sourceTree = "<group>";
		};
/* End PBXVariantGroup section */

/* Begin XCBuildConfiguration section */
		4FBD5B4B1A429FDA00139127 /* Debug */ = {
			isa = XCBuildConfiguration;
			buildSettings = {
				ALWAYS_SEARCH_USER_PATHS = NO;
				CLANG_CXX_LANGUAGE_STANDARD = "gnu++0x";
				CLANG_CXX_LIBRARY = "libc++";
				CLANG_ENABLE_MODULES = YES;
				CLANG_ENABLE_OBJC_ARC = YES;
				CLANG_WARN_BOOL_CONVERSION = YES;
				CLANG_WARN_CONSTANT_CONVERSION = YES;
				CLANG_WARN_DIRECT_OBJC_ISA_USAGE = YES_ERROR;
				CLANG_WARN_EMPTY_BODY = YES;
				CLANG_WARN_ENUM_CONVERSION = YES;
				CLANG_WARN_INT_CONVERSION = YES;
				CLANG_WARN_OBJC_ROOT_CLASS = YES_ERROR;
				CLANG_WARN_UNREACHABLE_CODE = YES;
				CLANG_WARN__DUPLICATE_METHOD_MATCH = YES;
				"CODE_SIGN_IDENTITY[sdk=iphoneos*]" = "iPhone Developer";
				COPY_PHASE_STRIP = NO;
				ENABLE_STRICT_OBJC_MSGSEND = YES;
				GCC_C_LANGUAGE_STANDARD = gnu99;
				GCC_DYNAMIC_NO_PIC = NO;
				GCC_OPTIMIZATION_LEVEL = 0;
				GCC_PREPROCESSOR_DEFINITIONS = (
					"DEBUG=1",
					"$(inherited)",
				);
				GCC_SYMBOLS_PRIVATE_EXTERN = NO;
				GCC_WARN_64_TO_32_BIT_CONVERSION = YES;
				GCC_WARN_ABOUT_RETURN_TYPE = YES_ERROR;
				GCC_WARN_UNDECLARED_SELECTOR = YES;
				GCC_WARN_UNINITIALIZED_AUTOS = YES_AGGRESSIVE;
				GCC_WARN_UNUSED_FUNCTION = YES;
				GCC_WARN_UNUSED_VARIABLE = YES;
				IPHONEOS_DEPLOYMENT_TARGET = 8.1;
				MTL_ENABLE_DEBUG_INFO = YES;
				ONLY_ACTIVE_ARCH = YES;
				SDKROOT = iphoneos;
				TARGETED_DEVICE_FAMILY = "1,2";
			};
			name = Debug;
		};
		4FBD5B4C1A429FDA00139127 /* Release */ = {
			isa = XCBuildConfiguration;
			buildSettings = {
				ALWAYS_SEARCH_USER_PATHS = NO;
				CLANG_CXX_LANGUAGE_STANDARD = "gnu++0x";
				CLANG_CXX_LIBRARY = "libc++";
				CLANG_ENABLE_MODULES = YES;
				CLANG_ENABLE_OBJC_ARC = YES;
				CLANG_WARN_BOOL_CONVERSION = YES;
				CLANG_WARN_CONSTANT_CONVERSION = YES;
				CLANG_WARN_DIRECT_OBJC_ISA_USAGE = YES_ERROR;
				CLANG_WARN_EMPTY_BODY = YES;
				CLANG_WARN_ENUM_CONVERSION = YES;
				CLANG_WARN_INT_CONVERSION = YES;
				CLANG_WARN_OBJC_ROOT_CLASS = YES_ERROR;
				CLANG_WARN_UNREACHABLE_CODE = YES;
				CLANG_WARN__DUPLICATE_METHOD_MATCH = YES;
				"CODE_SIGN_IDENTITY[sdk=iphoneos*]" = "iPhone Developer";
				COPY_PHASE_STRIP = YES;
				ENABLE_NS_ASSERTIONS = NO;
				ENABLE_STRICT_OBJC_MSGSEND = YES;
				GCC_C_LANGUAGE_STANDARD = gnu99;
				GCC_WARN_64_TO_32_BIT_CONVERSION = YES;
				GCC_WARN_ABOUT_RETURN_TYPE = YES_ERROR;
				GCC_WARN_UNDECLARED_SELECTOR = YES;
				GCC_WARN_UNINITIALIZED_AUTOS = YES_AGGRESSIVE;
				GCC_WARN_UNUSED_FUNCTION = YES;
				GCC_WARN_UNUSED_VARIABLE = YES;
				IPHONEOS_DEPLOYMENT_TARGET = 8.1;
				MTL_ENABLE_DEBUG_INFO = NO;
				SDKROOT = iphoneos;
				TARGETED_DEVICE_FAMILY = "1,2";
				VALIDATE_PRODUCT = YES;
			};
			name = Release;
		};
		4FBD5B4E1A429FDA00139127 /* Debug */ = {
			isa = XCBuildConfiguration;
			buildSettings = {
				ASSETCATALOG_COMPILER_APPICON_NAME = AppIcon;
				INFOPLIST_FILE = BudgetMe/Info.plist;
				LD_RUNPATH_SEARCH_PATHS = "$(inherited) @executable_path/Frameworks";
				PRODUCT_NAME = "$(TARGET_NAME)";
			};
			name = Debug;
		};
		4FBD5B4F1A429FDA00139127 /* Release */ = {
			isa = XCBuildConfiguration;
			buildSettings = {
				ASSETCATALOG_COMPILER_APPICON_NAME = AppIcon;
				INFOPLIST_FILE = BudgetMe/Info.plist;
				LD_RUNPATH_SEARCH_PATHS = "$(inherited) @executable_path/Frameworks";
				PRODUCT_NAME = "$(TARGET_NAME)";
			};
			name = Release;
		};
		4FBD5B511A429FDA00139127 /* Debug */ = {
			isa = XCBuildConfiguration;
			buildSettings = {
				BUNDLE_LOADER = "$(TEST_HOST)";
				FRAMEWORK_SEARCH_PATHS = (
					"$(SDKROOT)/Developer/Library/Frameworks",
					"$(inherited)",
				);
				GCC_PREPROCESSOR_DEFINITIONS = (
					"DEBUG=1",
					"$(inherited)",
				);
				INFOPLIST_FILE = BudgetMeTests/Info.plist;
				LD_RUNPATH_SEARCH_PATHS = "$(inherited) @executable_path/Frameworks @loader_path/Frameworks";
				PRODUCT_NAME = "$(TARGET_NAME)";
				TEST_HOST = "$(BUILT_PRODUCTS_DIR)/BudgetMe.app/BudgetMe";
			};
			name = Debug;
		};
		4FBD5B521A429FDA00139127 /* Release */ = {
			isa = XCBuildConfiguration;
			buildSettings = {
				BUNDLE_LOADER = "$(TEST_HOST)";
				FRAMEWORK_SEARCH_PATHS = (
					"$(SDKROOT)/Developer/Library/Frameworks",
					"$(inherited)",
				);
				INFOPLIST_FILE = BudgetMeTests/Info.plist;
				LD_RUNPATH_SEARCH_PATHS = "$(inherited) @executable_path/Frameworks @loader_path/Frameworks";
				PRODUCT_NAME = "$(TARGET_NAME)";
				TEST_HOST = "$(BUILT_PRODUCTS_DIR)/BudgetMe.app/BudgetMe";
			};
			name = Release;
		};
/* End XCBuildConfiguration section */

/* Begin XCConfigurationList section */
		4FBD5B251A429FDA00139127 /* Build configuration list for PBXProject "BudgetMe" */ = {
			isa = XCConfigurationList;
			buildConfigurations = (
				4FBD5B4B1A429FDA00139127 /* Debug */,
				4FBD5B4C1A429FDA00139127 /* Release */,
			);
			defaultConfigurationIsVisible = 0;
			defaultConfigurationName = Release;
		};
		4FBD5B4D1A429FDA00139127 /* Build configuration list for PBXNativeTarget "BudgetMe" */ = {
			isa = XCConfigurationList;
			buildConfigurations = (
				4FBD5B4E1A429FDA00139127 /* Debug */,
				4FBD5B4F1A429FDA00139127 /* Release */,
			);
			defaultConfigurationIsVisible = 0;
		};
		4FBD5B501A429FDA00139127 /* Build configuration list for PBXNativeTarget "BudgetMeTests" */ = {
			isa = XCConfigurationList;
			buildConfigurations = (
				4FBD5B511A429FDA00139127 /* Debug */,
				4FBD5B521A429FDA00139127 /* Release */,
			);
			defaultConfigurationIsVisible = 0;
		};
/* End XCConfigurationList section */
	};
	rootObject = 4FBD5B221A429FDA00139127 /* Project object */;
}
